// !$*UTF8*$!
{
	archiveVersion = 1;
	classes = {
	};
	objectVersion = 50;
	objects = {

/* Begin PBXBuildFile section */
		0D0639CB2520A85500BDD706 /* AppDelegate.swift in Sources */ = {isa = PBXBuildFile; fileRef = 0D0639CA2520A85500BDD706 /* AppDelegate.swift */; };
		0D0639CD2520A85500BDD706 /* SceneDelegate.swift in Sources */ = {isa = PBXBuildFile; fileRef = 0D0639CC2520A85500BDD706 /* SceneDelegate.swift */; };
		0D0639D12520A85900BDD706 /* Assets.xcassets in Resources */ = {isa = PBXBuildFile; fileRef = 0D0639D02520A85900BDD706 /* Assets.xcassets */; };
		0D0639D42520A85900BDD706 /* Preview Assets.xcassets in Resources */ = {isa = PBXBuildFile; fileRef = 0D0639D32520A85900BDD706 /* Preview Assets.xcassets */; };
		0D0639D72520A85900BDD706 /* LaunchScreen.storyboard in Resources */ = {isa = PBXBuildFile; fileRef = 0D0639D52520A85900BDD706 /* LaunchScreen.storyboard */; };
		0D2851992532777800F3B5DE /* UpdateManager_Initial.swift in Sources */ = {isa = PBXBuildFile; fileRef = 0D2851982532777800F3B5DE /* UpdateManager_Initial.swift */; };
		0D28519D253277EF00F3B5DE /* DatabaseIsInitial.swift in Sources */ = {isa = PBXBuildFile; fileRef = 0D28519C253277EF00F3B5DE /* DatabaseIsInitial.swift */; };
		0D2851A125327C7200F3B5DE /* UpdateManager_BackgroundTask.swift in Sources */ = {isa = PBXBuildFile; fileRef = 0D2851A025327C7200F3B5DE /* UpdateManager_BackgroundTask.swift */; };
		0D3B532F2545F10800881BCF /* ExtensionForTesting.swift in Sources */ = {isa = PBXBuildFile; fileRef = 0D3B532E2545F10800881BCF /* ExtensionForTesting.swift */; };
		0D3B533925463CD800881BCF /* AppModeEnum.swift in Sources */ = {isa = PBXBuildFile; fileRef = 0D3B533825463CD700881BCF /* AppModeEnum.swift */; };
		0D40EED2253229E90029583A /* LastManualRefresh.swift in Sources */ = {isa = PBXBuildFile; fileRef = 0D40EECE253229E90029583A /* LastManualRefresh.swift */; };
		0D40EED3253229E90029583A /* DataBaseNeedsUpdate.swift in Sources */ = {isa = PBXBuildFile; fileRef = 0D40EECF253229E90029583A /* DataBaseNeedsUpdate.swift */; };
		0D40EED4253229E90029583A /* LastBecameActiveRefresh.swift in Sources */ = {isa = PBXBuildFile; fileRef = 0D40EED0253229E90029583A /* LastBecameActiveRefresh.swift */; };
		0D40EED5253229E90029583A /* NetworkMonitor.swift in Sources */ = {isa = PBXBuildFile; fileRef = 0D40EED1253229E90029583A /* NetworkMonitor.swift */; };
		0D798895254CF646008B996D /* WidgetKit.framework in Frameworks */ = {isa = PBXBuildFile; fileRef = 0D798877254CF5C2008B996D /* WidgetKit.framework */; };
		0D798896254CF646008B996D /* SwiftUI.framework in Frameworks */ = {isa = PBXBuildFile; fileRef = 0D798879254CF5C2008B996D /* SwiftUI.framework */; };
		0D79889B254CF649008B996D /* Assets.xcassets in Resources */ = {isa = PBXBuildFile; fileRef = 0D79889A254CF649008B996D /* Assets.xcassets */; };
		0D79889F254CF649008B996D /* Covid19NumbersWidgetsExtension.appex in Embed App Extensions */ = {isa = PBXBuildFile; fileRef = 0D798894254CF646008B996D /* Covid19NumbersWidgetsExtension.appex */; settings = {ATTRIBUTES = (RemoveHeadersOnCopy, ); }; };
		0D7988B5254CF774008B996D /* CovidCaseP.swift in Sources */ = {isa = PBXBuildFile; fileRef = 0DA118572522AC5C009FA6F5 /* CovidCaseP.swift */; };
		0D7988B9254CF777008B996D /* DataStructures.swift in Sources */ = {isa = PBXBuildFile; fileRef = 0DA118632522AD54009FA6F5 /* DataStructures.swift */; };
		0D7988BD254CF77A008B996D /* AppDefaultConfiguration.swift in Sources */ = {isa = PBXBuildFile; fileRef = 0DDF98632530D3AF00AB7B3D /* AppDefaultConfiguration.swift */; };
		0D7988C1254CF77C008B996D /* AppModeEnum.swift in Sources */ = {isa = PBXBuildFile; fileRef = 0D3B533825463CD700881BCF /* AppModeEnum.swift */; };
		0D7988C5254CF77F008B996D /* DateTimeHelpers.swift in Sources */ = {isa = PBXBuildFile; fileRef = 0DB2D30D25264F98008A455E /* DateTimeHelpers.swift */; };
		0D7988C9254CF781008B996D /* DisplayHelpers.swift in Sources */ = {isa = PBXBuildFile; fileRef = 0DF07B3F25233D9200799650 /* DisplayHelpers.swift */; };
		0D7988CD254CF784008B996D /* LoggerExtensions.swift in Sources */ = {isa = PBXBuildFile; fileRef = 0DDF98692530D3BE00AB7B3D /* LoggerExtensions.swift */; };
		0D7988D8254CF7B7008B996D /* IntentHandler.swift in Sources */ = {isa = PBXBuildFile; fileRef = 0D7988D7254CF7B7008B996D /* IntentHandler.swift */; };
		0D7988DC254CF7B7008B996D /* CountyWidgetIntentExtension.appex in Embed App Extensions */ = {isa = PBXBuildFile; fileRef = 0D7988D5254CF7B7008B996D /* CountyWidgetIntentExtension.appex */; settings = {ATTRIBUTES = (RemoveHeadersOnCopy, ); }; };
		0D7988F7254CF811008B996D /* CountryWidget.swift in Sources */ = {isa = PBXBuildFile; fileRef = 0D7988A8254CF734008B996D /* CountryWidget.swift */; };
		0D7988FC254CF814008B996D /* CountyWidget.swift in Sources */ = {isa = PBXBuildFile; fileRef = 0D7988AC254CF734008B996D /* CountyWidget.swift */; };
		0D7988FD254CF817008B996D /* DataTypes.swift in Sources */ = {isa = PBXBuildFile; fileRef = 0D7988A7254CF734008B996D /* DataTypes.swift */; };
		0D798902254CF81A008B996D /* SQLiteReader.swift in Sources */ = {isa = PBXBuildFile; fileRef = 0D7988A9254CF734008B996D /* SQLiteReader.swift */; };
		0D798907254CF86E008B996D /* SQLiteReader.swift in Sources */ = {isa = PBXBuildFile; fileRef = 0D7988A9254CF734008B996D /* SQLiteReader.swift */; };
		0D798914254CF927008B996D /* LoggerExtensions.swift in Sources */ = {isa = PBXBuildFile; fileRef = 0DDF98692530D3BE00AB7B3D /* LoggerExtensions.swift */; };
		0D798919254CF92A008B996D /* DisplayHelpers.swift in Sources */ = {isa = PBXBuildFile; fileRef = 0DF07B3F25233D9200799650 /* DisplayHelpers.swift */; };
		0D79891E254CF92C008B996D /* DateTimeHelpers.swift in Sources */ = {isa = PBXBuildFile; fileRef = 0DB2D30D25264F98008A455E /* DateTimeHelpers.swift */; };
		0D798923254CF92F008B996D /* AppModeEnum.swift in Sources */ = {isa = PBXBuildFile; fileRef = 0D3B533825463CD700881BCF /* AppModeEnum.swift */; };
		0D798928254CF932008B996D /* AppDefaultConfiguration.swift in Sources */ = {isa = PBXBuildFile; fileRef = 0DDF98632530D3AF00AB7B3D /* AppDefaultConfiguration.swift */; };
		0D79892D254CF934008B996D /* DataStructures.swift in Sources */ = {isa = PBXBuildFile; fileRef = 0DA118632522AD54009FA6F5 /* DataStructures.swift */; };
		0D798932254CF937008B996D /* CovidCaseP.swift in Sources */ = {isa = PBXBuildFile; fileRef = 0DA118572522AC5C009FA6F5 /* CovidCaseP.swift */; };
		0D810AC8255D6402006E7D4E /* GetFromServer.swift in Sources */ = {isa = PBXBuildFile; fileRef = 0D810AC7255D6402006E7D4E /* GetFromServer.swift */; };
		0D810AD2255D68D2006E7D4E /* GetCompleteSetFromServer.swift in Sources */ = {isa = PBXBuildFile; fileRef = 0D810AD1255D68D2006E7D4E /* GetCompleteSetFromServer.swift */; };
		0D810AD8255D6C42006E7D4E /* GetCovidRecoveredDataFromServer.swift in Sources */ = {isa = PBXBuildFile; fileRef = 0D810AD7255D6C42006E7D4E /* GetCovidRecoveredDataFromServer.swift */; };
		0D810ADE255D6F13006E7D4E /* GetCovidNewDataFromServer.swift in Sources */ = {isa = PBXBuildFile; fileRef = 0D810ADD255D6F13006E7D4E /* GetCovidNewDataFromServer.swift */; };
		0D8C7F6C2534D63E007B7845 /* ItemOfListView.swift in Sources */ = {isa = PBXBuildFile; fileRef = 0D8C7F6A2534D63E007B7845 /* ItemOfListView.swift */; };
		0D8C7F6D2534D63E007B7845 /* BarView.swift in Sources */ = {isa = PBXBuildFile; fileRef = 0D8C7F6B2534D63E007B7845 /* BarView.swift */; };
		0D8C7F712534D65B007B7845 /* FavoritesView.swift in Sources */ = {isa = PBXBuildFile; fileRef = 0D8C7F702534D65B007B7845 /* FavoritesView.swift */; };
		0D8C7F782534E818007B7845 /* InfoView.swift in Sources */ = {isa = PBXBuildFile; fileRef = 0D8C7F772534E818007B7845 /* InfoView.swift */; };
		0D8C7F7C2534E9FC007B7845 /* TextView.swift in Sources */ = {isa = PBXBuildFile; fileRef = 0D8C7F7B2534E9FC007B7845 /* TextView.swift */; };
		0D8C7F822534F1DC007B7845 /* AllItemsView.swift in Sources */ = {isa = PBXBuildFile; fileRef = 0D8C7F812534F1DC007B7845 /* AllItemsView.swift */; };
		0DA118412522ABE0009FA6F5 /* TestGetCovidDataFromServerGermany.swift in Sources */ = {isa = PBXBuildFile; fileRef = 0DA1183D2522ABE0009FA6F5 /* TestGetCovidDataFromServerGermany.swift */; };
		0DA118442522ABE0009FA6F5 /* TestSQLDBManage.swift in Sources */ = {isa = PBXBuildFile; fileRef = 0DA118402522ABE0009FA6F5 /* TestSQLDBManage.swift */; };
		0DA118582522AC5C009FA6F5 /* CovidCaseP.swift in Sources */ = {isa = PBXBuildFile; fileRef = 0DA118572522AC5C009FA6F5 /* CovidCaseP.swift */; };
		0DA118662522AD54009FA6F5 /* SQLTableCreates.swift in Sources */ = {isa = PBXBuildFile; fileRef = 0DA118602522AD54009FA6F5 /* SQLTableCreates.swift */; };
		0DA118692522AD54009FA6F5 /* DataStructures.swift in Sources */ = {isa = PBXBuildFile; fileRef = 0DA118632522AD54009FA6F5 /* DataStructures.swift */; };
		0DA1186A2522AD54009FA6F5 /* DBManager.swift in Sources */ = {isa = PBXBuildFile; fileRef = 0DA118642522AD54009FA6F5 /* DBManager.swift */; };
		0DA9CB61253228F300472350 /* UpdateManager_Manual.swift in Sources */ = {isa = PBXBuildFile; fileRef = 0DA9CB5E253228F300472350 /* UpdateManager_Manual.swift */; };
		0DA9CB63253228F300472350 /* Updater.swift in Sources */ = {isa = PBXBuildFile; fileRef = 0DA9CB5B253228F200472350 /* Updater.swift */; };
		0DA9CB64253228F300472350 /* UpdateManager_BecomeActive.swift in Sources */ = {isa = PBXBuildFile; fileRef = 0DA9CB5A253228F200472350 /* UpdateManager_BecomeActive.swift */; };
		0DA9CB66253228F300472350 /* UpdateManager.swift in Sources */ = {isa = PBXBuildFile; fileRef = 0DA9CB5C253228F200472350 /* UpdateManager.swift */; };
		0DA9CB68253228F300472350 /* StructsEnumsConstants.swift in Sources */ = {isa = PBXBuildFile; fileRef = 0DA9CB59253228F200472350 /* StructsEnumsConstants.swift */; };
		0DB037872531215A0018475F /* LanguageHelpers.swift in Sources */ = {isa = PBXBuildFile; fileRef = 0DB037862531215A0018475F /* LanguageHelpers.swift */; };
		0DB0378B253127AB0018475F /* Settings.bundle in Resources */ = {isa = PBXBuildFile; fileRef = 0DB0378A253127AB0018475F /* Settings.bundle */; };
		0DB03799253132890018475F /* infotext_DE.rtf in Resources */ = {isa = PBXBuildFile; fileRef = 0DB03797253132890018475F /* infotext_DE.rtf */; };
		0DB0379A253132890018475F /* infotext_EN.rtf in Resources */ = {isa = PBXBuildFile; fileRef = 0DB03798253132890018475F /* infotext_EN.rtf */; };
		0DB2D30E25264F98008A455E /* DateTimeHelpers.swift in Sources */ = {isa = PBXBuildFile; fileRef = 0DB2D30D25264F98008A455E /* DateTimeHelpers.swift */; };
		0DB2D31425265BF0008A455E /* TestDateTime.swift in Sources */ = {isa = PBXBuildFile; fileRef = 0DB2D31325265BF0008A455E /* TestDateTime.swift */; };
		0DB2D322252A2B89008A455E /* SortSheetView.swift in Sources */ = {isa = PBXBuildFile; fileRef = 0DB2D321252A2B88008A455E /* SortSheetView.swift */; };
		0DD97E75254D7E100005F204 /* CountyWidgetIntent.intentdefinition in Sources */ = {isa = PBXBuildFile; fileRef = 0DD97E78254D7E100005F204 /* CountyWidgetIntent.intentdefinition */; };
		0DD97E76254D7E100005F204 /* CountyWidgetIntent.intentdefinition in Sources */ = {isa = PBXBuildFile; fileRef = 0DD97E78254D7E100005F204 /* CountyWidgetIntent.intentdefinition */; };
		0DD97E8F254D7F720005F204 /* Localizable.strings in Resources */ = {isa = PBXBuildFile; fileRef = 0DD97E91254D7F720005F204 /* Localizable.strings */; };
		0DDF98602530D09A00AB7B3D /* AppController.swift in Sources */ = {isa = PBXBuildFile; fileRef = 0DDF985F2530D09900AB7B3D /* AppController.swift */; };
		0DDF98652530D3B000AB7B3D /* AppDefaultConfiguration.swift in Sources */ = {isa = PBXBuildFile; fileRef = 0DDF98632530D3AF00AB7B3D /* AppDefaultConfiguration.swift */; };
		0DDF98662530D3B000AB7B3D /* UserStorage.swift in Sources */ = {isa = PBXBuildFile; fileRef = 0DDF98642530D3B000AB7B3D /* UserStorage.swift */; };
		0DDF986A2530D3BE00AB7B3D /* LoggerExtensions.swift in Sources */ = {isa = PBXBuildFile; fileRef = 0DDF98692530D3BE00AB7B3D /* LoggerExtensions.swift */; };
		0DDF986F2530D45B00AB7B3D /* NetworkMonitorService.swift in Sources */ = {isa = PBXBuildFile; fileRef = 0DDF986E2530D45B00AB7B3D /* NetworkMonitorService.swift */; };
		0DDF98732530D59500AB7B3D /* BackGroundTaskController.swift in Sources */ = {isa = PBXBuildFile; fileRef = 0DDF98722530D59500AB7B3D /* BackGroundTaskController.swift */; };
		0DE22135255B5B8400D1A9CD /* BackgroundWork.swift in Sources */ = {isa = PBXBuildFile; fileRef = 0DE22134255B5B8400D1A9CD /* BackgroundWork.swift */; };
		0DE2215C255B6DDA00D1A9CD /* GetActualTimeStampFromServer.swift in Sources */ = {isa = PBXBuildFile; fileRef = 0DE2215B255B6DDA00D1A9CD /* GetActualTimeStampFromServer.swift */; };
		0DE22162255B727300D1A9CD /* ServerRequestHelpers.swift in Sources */ = {isa = PBXBuildFile; fileRef = 0DE22161255B727300D1A9CD /* ServerRequestHelpers.swift */; };
		0DE22168255B75A600D1A9CD /* RequestSession.swift in Sources */ = {isa = PBXBuildFile; fileRef = 0DE22167255B75A600D1A9CD /* RequestSession.swift */; };
		0DE2216E255C6F1800D1A9CD /* GetCovidBaseDataFromServer.swift in Sources */ = {isa = PBXBuildFile; fileRef = 0DE2216D255C6F1800D1A9CD /* GetCovidBaseDataFromServer.swift */; };
		0DE97C3D254748B800D9C8DB /* LICENSE.txt in Resources */ = {isa = PBXBuildFile; fileRef = 0DE97C3C254748B800D9C8DB /* LICENSE.txt */; };
		0DF07B4025233D9200799650 /* DisplayHelpers.swift in Sources */ = {isa = PBXBuildFile; fileRef = 0DF07B3F25233D9200799650 /* DisplayHelpers.swift */; };
		0DF07B4425233F9600799650 /* TestHelpers.swift in Sources */ = {isa = PBXBuildFile; fileRef = 0DF07B4325233F9600799650 /* TestHelpers.swift */; };
		0DF07B4C252346E300799650 /* DevelopHelpers.swift in Sources */ = {isa = PBXBuildFile; fileRef = 0DF07B4B252346E300799650 /* DevelopHelpers.swift */; };
		0DF07B582523918700799650 /* Searchbar.swift in Sources */ = {isa = PBXBuildFile; fileRef = 0DF07B572523918700799650 /* Searchbar.swift */; };
		0DF07B5C2523AE4400799650 /* SummarySheetView.swift in Sources */ = {isa = PBXBuildFile; fileRef = 0DF07B5B2523AE4400799650 /* SummarySheetView.swift */; };
		0DFA418A25371A9800252A58 /* SummarySheetCountyView.swift in Sources */ = {isa = PBXBuildFile; fileRef = 0DFA418925371A9800252A58 /* SummarySheetCountyView.swift */; };
		0DFF07F02530F0960025966F /* ObservedProperties.swift in Sources */ = {isa = PBXBuildFile; fileRef = 0DFF07EF2530F0960025966F /* ObservedProperties.swift */; };
		0DFF07F625310EF60025966F /* AppStatusEnum.swift in Sources */ = {isa = PBXBuildFile; fileRef = 0DFF07F525310EF60025966F /* AppStatusEnum.swift */; };
		0DFF0806253110FD0025966F /* Localizable.strings in Resources */ = {isa = PBXBuildFile; fileRef = 0DFF0808253110FD0025966F /* Localizable.strings */; };
/* End PBXBuildFile section */

/* Begin PBXContainerItemProxy section */
		0D79889D254CF649008B996D /* PBXContainerItemProxy */ = {
			isa = PBXContainerItemProxy;
			containerPortal = 0D0639BF2520A85500BDD706 /* Project object */;
			proxyType = 1;
			remoteGlobalIDString = 0D798893254CF646008B996D;
			remoteInfo = Covid19NumbersWidgetsExtension;
		};
		0D7988DA254CF7B7008B996D /* PBXContainerItemProxy */ = {
			isa = PBXContainerItemProxy;
			containerPortal = 0D0639BF2520A85500BDD706 /* Project object */;
			proxyType = 1;
			remoteGlobalIDString = 0D7988D4254CF7B7008B996D;
			remoteInfo = CountyWidgetIntentExtension;
		};
		0DA118352522AACA009FA6F5 /* PBXContainerItemProxy */ = {
			isa = PBXContainerItemProxy;
			containerPortal = 0D0639BF2520A85500BDD706 /* Project object */;
			proxyType = 1;
			remoteGlobalIDString = 0D0639C62520A85500BDD706;
			remoteInfo = RefreshTest5;
		};
/* End PBXContainerItemProxy section */

/* Begin PBXCopyFilesBuildPhase section */
		0D798887254CF5C5008B996D /* Embed App Extensions */ = {
			isa = PBXCopyFilesBuildPhase;
			buildActionMask = 2147483647;
			dstPath = "";
			dstSubfolderSpec = 13;
			files = (
				0D7988DC254CF7B7008B996D /* CountyWidgetIntentExtension.appex in Embed App Extensions */,
				0D79889F254CF649008B996D /* Covid19NumbersWidgetsExtension.appex in Embed App Extensions */,
			);
			name = "Embed App Extensions";
			runOnlyForDeploymentPostprocessing = 0;
		};
/* End PBXCopyFilesBuildPhase section */

/* Begin PBXFileReference section */
		0D0639C72520A85500BDD706 /* Covid19Numbers.app */ = {isa = PBXFileReference; explicitFileType = wrapper.application; includeInIndex = 0; path = Covid19Numbers.app; sourceTree = BUILT_PRODUCTS_DIR; };
		0D0639CA2520A85500BDD706 /* AppDelegate.swift */ = {isa = PBXFileReference; lastKnownFileType = sourcecode.swift; path = AppDelegate.swift; sourceTree = "<group>"; };
		0D0639CC2520A85500BDD706 /* SceneDelegate.swift */ = {isa = PBXFileReference; lastKnownFileType = sourcecode.swift; path = SceneDelegate.swift; sourceTree = "<group>"; };
		0D0639D02520A85900BDD706 /* Assets.xcassets */ = {isa = PBXFileReference; lastKnownFileType = folder.assetcatalog; path = Assets.xcassets; sourceTree = "<group>"; };
		0D0639D32520A85900BDD706 /* Preview Assets.xcassets */ = {isa = PBXFileReference; lastKnownFileType = folder.assetcatalog; path = "Preview Assets.xcassets"; sourceTree = "<group>"; };
		0D0639D62520A85900BDD706 /* Base */ = {isa = PBXFileReference; lastKnownFileType = file.storyboard; name = Base; path = Base.lproj/LaunchScreen.storyboard; sourceTree = "<group>"; };
		0D0639D82520A85900BDD706 /* Info.plist */ = {isa = PBXFileReference; lastKnownFileType = text.plist.xml; path = Info.plist; sourceTree = "<group>"; };
		0D0639F72520E83700BDD706 /* README.md */ = {isa = PBXFileReference; lastKnownFileType = net.daringfireball.markdown; path = README.md; sourceTree = "<group>"; };
		0D2851982532777800F3B5DE /* UpdateManager_Initial.swift */ = {isa = PBXFileReference; lastKnownFileType = sourcecode.swift; path = UpdateManager_Initial.swift; sourceTree = "<group>"; };
		0D28519C253277EF00F3B5DE /* DatabaseIsInitial.swift */ = {isa = PBXFileReference; lastKnownFileType = sourcecode.swift; path = DatabaseIsInitial.swift; sourceTree = "<group>"; };
		0D2851A025327C7200F3B5DE /* UpdateManager_BackgroundTask.swift */ = {isa = PBXFileReference; lastKnownFileType = sourcecode.swift; path = UpdateManager_BackgroundTask.swift; sourceTree = "<group>"; };
		0D3B532E2545F10800881BCF /* ExtensionForTesting.swift */ = {isa = PBXFileReference; lastKnownFileType = sourcecode.swift; path = ExtensionForTesting.swift; sourceTree = "<group>"; };
		0D3B533825463CD700881BCF /* AppModeEnum.swift */ = {isa = PBXFileReference; lastKnownFileType = sourcecode.swift; path = AppModeEnum.swift; sourceTree = "<group>"; };
		0D40EECE253229E90029583A /* LastManualRefresh.swift */ = {isa = PBXFileReference; fileEncoding = 4; lastKnownFileType = sourcecode.swift; path = LastManualRefresh.swift; sourceTree = "<group>"; };
		0D40EECF253229E90029583A /* DataBaseNeedsUpdate.swift */ = {isa = PBXFileReference; fileEncoding = 4; lastKnownFileType = sourcecode.swift; path = DataBaseNeedsUpdate.swift; sourceTree = "<group>"; };
		0D40EED0253229E90029583A /* LastBecameActiveRefresh.swift */ = {isa = PBXFileReference; fileEncoding = 4; lastKnownFileType = sourcecode.swift; path = LastBecameActiveRefresh.swift; sourceTree = "<group>"; };
		0D40EED1253229E90029583A /* NetworkMonitor.swift */ = {isa = PBXFileReference; fileEncoding = 4; lastKnownFileType = sourcecode.swift; path = NetworkMonitor.swift; sourceTree = "<group>"; };
		0D765127254CABD20030AD7D /* Covid19Numbers.entitlements */ = {isa = PBXFileReference; lastKnownFileType = text.plist.entitlements; path = Covid19Numbers.entitlements; sourceTree = "<group>"; };
		0D798877254CF5C2008B996D /* WidgetKit.framework */ = {isa = PBXFileReference; lastKnownFileType = wrapper.framework; name = WidgetKit.framework; path = System/Library/Frameworks/WidgetKit.framework; sourceTree = SDKROOT; };
		0D798879254CF5C2008B996D /* SwiftUI.framework */ = {isa = PBXFileReference; lastKnownFileType = wrapper.framework; name = SwiftUI.framework; path = System/Library/Frameworks/SwiftUI.framework; sourceTree = SDKROOT; };
		0D798894254CF646008B996D /* Covid19NumbersWidgetsExtension.appex */ = {isa = PBXFileReference; explicitFileType = "wrapper.app-extension"; includeInIndex = 0; path = Covid19NumbersWidgetsExtension.appex; sourceTree = BUILT_PRODUCTS_DIR; };
		0D79889A254CF649008B996D /* Assets.xcassets */ = {isa = PBXFileReference; lastKnownFileType = folder.assetcatalog; path = Assets.xcassets; sourceTree = "<group>"; };
		0D79889C254CF649008B996D /* Info.plist */ = {isa = PBXFileReference; lastKnownFileType = text.plist.xml; path = Info.plist; sourceTree = "<group>"; };
		0D7988A7254CF734008B996D /* DataTypes.swift */ = {isa = PBXFileReference; fileEncoding = 4; lastKnownFileType = sourcecode.swift; path = DataTypes.swift; sourceTree = "<group>"; };
		0D7988A8254CF734008B996D /* CountryWidget.swift */ = {isa = PBXFileReference; fileEncoding = 4; lastKnownFileType = sourcecode.swift; path = CountryWidget.swift; sourceTree = "<group>"; };
		0D7988A9254CF734008B996D /* SQLiteReader.swift */ = {isa = PBXFileReference; fileEncoding = 4; lastKnownFileType = sourcecode.swift; path = SQLiteReader.swift; sourceTree = "<group>"; };
		0D7988AA254CF734008B996D /* Covid19NumbersWidgetsExtension.entitlements */ = {isa = PBXFileReference; fileEncoding = 4; lastKnownFileType = text.plist.entitlements; path = Covid19NumbersWidgetsExtension.entitlements; sourceTree = "<group>"; };
		0D7988AC254CF734008B996D /* CountyWidget.swift */ = {isa = PBXFileReference; fileEncoding = 4; lastKnownFileType = sourcecode.swift; path = CountyWidget.swift; sourceTree = "<group>"; };
		0D7988D5254CF7B7008B996D /* CountyWidgetIntentExtension.appex */ = {isa = PBXFileReference; explicitFileType = "wrapper.app-extension"; includeInIndex = 0; path = CountyWidgetIntentExtension.appex; sourceTree = BUILT_PRODUCTS_DIR; };
		0D7988D7254CF7B7008B996D /* IntentHandler.swift */ = {isa = PBXFileReference; lastKnownFileType = sourcecode.swift; path = IntentHandler.swift; sourceTree = "<group>"; };
		0D7988D9254CF7B7008B996D /* Info.plist */ = {isa = PBXFileReference; lastKnownFileType = text.plist.xml; path = Info.plist; sourceTree = "<group>"; };
		0D7988E4254CF7CA008B996D /* CountyWidgetIntentExtension.entitlements */ = {isa = PBXFileReference; lastKnownFileType = text.plist.entitlements; path = CountyWidgetIntentExtension.entitlements; sourceTree = "<group>"; };
		0D810AC7255D6402006E7D4E /* GetFromServer.swift */ = {isa = PBXFileReference; lastKnownFileType = sourcecode.swift; path = GetFromServer.swift; sourceTree = "<group>"; };
		0D810AD1255D68D2006E7D4E /* GetCompleteSetFromServer.swift */ = {isa = PBXFileReference; lastKnownFileType = sourcecode.swift; path = GetCompleteSetFromServer.swift; sourceTree = "<group>"; };
		0D810AD7255D6C42006E7D4E /* GetCovidRecoveredDataFromServer.swift */ = {isa = PBXFileReference; lastKnownFileType = sourcecode.swift; path = GetCovidRecoveredDataFromServer.swift; sourceTree = "<group>"; };
		0D810ADD255D6F13006E7D4E /* GetCovidNewDataFromServer.swift */ = {isa = PBXFileReference; lastKnownFileType = sourcecode.swift; path = GetCovidNewDataFromServer.swift; sourceTree = "<group>"; };
		0D8C7F6A2534D63E007B7845 /* ItemOfListView.swift */ = {isa = PBXFileReference; fileEncoding = 4; lastKnownFileType = sourcecode.swift; path = ItemOfListView.swift; sourceTree = "<group>"; };
		0D8C7F6B2534D63E007B7845 /* BarView.swift */ = {isa = PBXFileReference; fileEncoding = 4; lastKnownFileType = sourcecode.swift; path = BarView.swift; sourceTree = "<group>"; };
		0D8C7F702534D65B007B7845 /* FavoritesView.swift */ = {isa = PBXFileReference; fileEncoding = 4; lastKnownFileType = sourcecode.swift; path = FavoritesView.swift; sourceTree = "<group>"; };
		0D8C7F772534E818007B7845 /* InfoView.swift */ = {isa = PBXFileReference; fileEncoding = 4; lastKnownFileType = sourcecode.swift; path = InfoView.swift; sourceTree = "<group>"; };
		0D8C7F7B2534E9FC007B7845 /* TextView.swift */ = {isa = PBXFileReference; fileEncoding = 4; lastKnownFileType = sourcecode.swift; path = TextView.swift; sourceTree = "<group>"; };
		0D8C7F812534F1DC007B7845 /* AllItemsView.swift */ = {isa = PBXFileReference; fileEncoding = 4; lastKnownFileType = sourcecode.swift; path = AllItemsView.swift; sourceTree = "<group>"; };
		0DA118302522AACA009FA6F5 /* Covid19NumbersTests.xctest */ = {isa = PBXFileReference; explicitFileType = wrapper.cfbundle; includeInIndex = 0; path = Covid19NumbersTests.xctest; sourceTree = BUILT_PRODUCTS_DIR; };
		0DA118342522AACA009FA6F5 /* Info.plist */ = {isa = PBXFileReference; lastKnownFileType = text.plist.xml; path = Info.plist; sourceTree = "<group>"; };
		0DA1183D2522ABE0009FA6F5 /* TestGetCovidDataFromServerGermany.swift */ = {isa = PBXFileReference; fileEncoding = 4; lastKnownFileType = sourcecode.swift; path = TestGetCovidDataFromServerGermany.swift; sourceTree = "<group>"; };
		0DA118402522ABE0009FA6F5 /* TestSQLDBManage.swift */ = {isa = PBXFileReference; fileEncoding = 4; lastKnownFileType = sourcecode.swift; path = TestSQLDBManage.swift; sourceTree = "<group>"; };
		0DA118572522AC5C009FA6F5 /* CovidCaseP.swift */ = {isa = PBXFileReference; fileEncoding = 4; lastKnownFileType = sourcecode.swift; path = CovidCaseP.swift; sourceTree = "<group>"; };
		0DA118602522AD54009FA6F5 /* SQLTableCreates.swift */ = {isa = PBXFileReference; fileEncoding = 4; lastKnownFileType = sourcecode.swift; path = SQLTableCreates.swift; sourceTree = "<group>"; };
		0DA118632522AD54009FA6F5 /* DataStructures.swift */ = {isa = PBXFileReference; fileEncoding = 4; lastKnownFileType = sourcecode.swift; path = DataStructures.swift; sourceTree = "<group>"; };
		0DA118642522AD54009FA6F5 /* DBManager.swift */ = {isa = PBXFileReference; fileEncoding = 4; lastKnownFileType = sourcecode.swift; path = DBManager.swift; sourceTree = "<group>"; };
		0DA9CB59253228F200472350 /* StructsEnumsConstants.swift */ = {isa = PBXFileReference; lastKnownFileType = sourcecode.swift; path = StructsEnumsConstants.swift; sourceTree = "<group>"; };
		0DA9CB5A253228F200472350 /* UpdateManager_BecomeActive.swift */ = {isa = PBXFileReference; lastKnownFileType = sourcecode.swift; path = UpdateManager_BecomeActive.swift; sourceTree = "<group>"; };
		0DA9CB5B253228F200472350 /* Updater.swift */ = {isa = PBXFileReference; lastKnownFileType = sourcecode.swift; path = Updater.swift; sourceTree = "<group>"; };
		0DA9CB5C253228F200472350 /* UpdateManager.swift */ = {isa = PBXFileReference; lastKnownFileType = sourcecode.swift; path = UpdateManager.swift; sourceTree = "<group>"; };
		0DA9CB5E253228F300472350 /* UpdateManager_Manual.swift */ = {isa = PBXFileReference; lastKnownFileType = sourcecode.swift; path = UpdateManager_Manual.swift; sourceTree = "<group>"; };
		0DB037862531215A0018475F /* LanguageHelpers.swift */ = {isa = PBXFileReference; lastKnownFileType = sourcecode.swift; path = LanguageHelpers.swift; sourceTree = "<group>"; };
		0DB0378A253127AB0018475F /* Settings.bundle */ = {isa = PBXFileReference; lastKnownFileType = "wrapper.plug-in"; path = Settings.bundle; sourceTree = "<group>"; };
		0DB03797253132890018475F /* infotext_DE.rtf */ = {isa = PBXFileReference; fileEncoding = 4; lastKnownFileType = text.rtf; path = infotext_DE.rtf; sourceTree = "<group>"; };
		0DB03798253132890018475F /* infotext_EN.rtf */ = {isa = PBXFileReference; fileEncoding = 4; lastKnownFileType = text.rtf; path = infotext_EN.rtf; sourceTree = "<group>"; };
		0DB2D30D25264F98008A455E /* DateTimeHelpers.swift */ = {isa = PBXFileReference; lastKnownFileType = sourcecode.swift; path = DateTimeHelpers.swift; sourceTree = "<group>"; };
		0DB2D31325265BF0008A455E /* TestDateTime.swift */ = {isa = PBXFileReference; lastKnownFileType = sourcecode.swift; path = TestDateTime.swift; sourceTree = "<group>"; };
		0DB2D321252A2B88008A455E /* SortSheetView.swift */ = {isa = PBXFileReference; lastKnownFileType = sourcecode.swift; path = SortSheetView.swift; sourceTree = "<group>"; };
		0DD97E77254D7E100005F204 /* Base */ = {isa = PBXFileReference; lastKnownFileType = file.intentdefinition; name = Base; path = Base.lproj/CountyWidgetIntent.intentdefinition; sourceTree = "<group>"; };
		0DD97E7E254D7E1A0005F204 /* en */ = {isa = PBXFileReference; lastKnownFileType = text.plist.strings; name = en; path = en.lproj/CountyWidgetIntent.strings; sourceTree = "<group>"; };
		0DD97E84254D7E200005F204 /* de */ = {isa = PBXFileReference; lastKnownFileType = text.plist.strings; name = de; path = de.lproj/CountyWidgetIntent.strings; sourceTree = "<group>"; };
		0DD97E90254D7F720005F204 /* en */ = {isa = PBXFileReference; lastKnownFileType = text.plist.strings; name = en; path = en.lproj/Localizable.strings; sourceTree = "<group>"; };
		0DD97E92254D7F790005F204 /* de */ = {isa = PBXFileReference; lastKnownFileType = text.plist.strings; name = de; path = de.lproj/Localizable.strings; sourceTree = "<group>"; };
		0DDF985F2530D09900AB7B3D /* AppController.swift */ = {isa = PBXFileReference; lastKnownFileType = sourcecode.swift; path = AppController.swift; sourceTree = "<group>"; };
		0DDF98632530D3AF00AB7B3D /* AppDefaultConfiguration.swift */ = {isa = PBXFileReference; fileEncoding = 4; lastKnownFileType = sourcecode.swift; path = AppDefaultConfiguration.swift; sourceTree = "<group>"; };
		0DDF98642530D3B000AB7B3D /* UserStorage.swift */ = {isa = PBXFileReference; fileEncoding = 4; lastKnownFileType = sourcecode.swift; path = UserStorage.swift; sourceTree = "<group>"; };
		0DDF98692530D3BE00AB7B3D /* LoggerExtensions.swift */ = {isa = PBXFileReference; fileEncoding = 4; lastKnownFileType = sourcecode.swift; path = LoggerExtensions.swift; sourceTree = "<group>"; };
		0DDF986E2530D45B00AB7B3D /* NetworkMonitorService.swift */ = {isa = PBXFileReference; fileEncoding = 4; lastKnownFileType = sourcecode.swift; path = NetworkMonitorService.swift; sourceTree = "<group>"; };
		0DDF98722530D59500AB7B3D /* BackGroundTaskController.swift */ = {isa = PBXFileReference; fileEncoding = 4; lastKnownFileType = sourcecode.swift; path = BackGroundTaskController.swift; sourceTree = "<group>"; };
		0DE220F4255AB7F500D1A9CD /* IMG_6677_klein.png */ = {isa = PBXFileReference; lastKnownFileType = image.png; path = IMG_6677_klein.png; sourceTree = "<group>"; };
		0DE220F5255AB7F500D1A9CD /* IMG_6679_klein.png */ = {isa = PBXFileReference; lastKnownFileType = image.png; path = IMG_6679_klein.png; sourceTree = "<group>"; };
		0DE220F6255AB7F500D1A9CD /* IMG_6678_klein.png */ = {isa = PBXFileReference; lastKnownFileType = image.png; path = IMG_6678_klein.png; sourceTree = "<group>"; };
		0DE220F7255AB7F500D1A9CD /* IMG_6676_klein.png */ = {isa = PBXFileReference; lastKnownFileType = image.png; path = IMG_6676_klein.png; sourceTree = "<group>"; };
		0DE220F8255AB7F500D1A9CD /* IMG_6685_klein.png */ = {isa = PBXFileReference; lastKnownFileType = image.png; path = IMG_6685_klein.png; sourceTree = "<group>"; };
		0DE22134255B5B8400D1A9CD /* BackgroundWork.swift */ = {isa = PBXFileReference; lastKnownFileType = sourcecode.swift; path = BackgroundWork.swift; sourceTree = "<group>"; };
		0DE2215B255B6DDA00D1A9CD /* GetActualTimeStampFromServer.swift */ = {isa = PBXFileReference; lastKnownFileType = sourcecode.swift; path = GetActualTimeStampFromServer.swift; sourceTree = "<group>"; };
		0DE22161255B727300D1A9CD /* ServerRequestHelpers.swift */ = {isa = PBXFileReference; lastKnownFileType = sourcecode.swift; path = ServerRequestHelpers.swift; sourceTree = "<group>"; };
		0DE22167255B75A600D1A9CD /* RequestSession.swift */ = {isa = PBXFileReference; lastKnownFileType = sourcecode.swift; path = RequestSession.swift; sourceTree = "<group>"; };
		0DE2216D255C6F1800D1A9CD /* GetCovidBaseDataFromServer.swift */ = {isa = PBXFileReference; lastKnownFileType = sourcecode.swift; path = GetCovidBaseDataFromServer.swift; sourceTree = "<group>"; };
		0DE97C3C254748B800D9C8DB /* LICENSE.txt */ = {isa = PBXFileReference; lastKnownFileType = text; path = LICENSE.txt; sourceTree = "<group>"; };
		0DF07B3F25233D9200799650 /* DisplayHelpers.swift */ = {isa = PBXFileReference; lastKnownFileType = sourcecode.swift; path = DisplayHelpers.swift; sourceTree = "<group>"; };
		0DF07B4325233F9600799650 /* TestHelpers.swift */ = {isa = PBXFileReference; lastKnownFileType = sourcecode.swift; path = TestHelpers.swift; sourceTree = "<group>"; };
		0DF07B4B252346E300799650 /* DevelopHelpers.swift */ = {isa = PBXFileReference; lastKnownFileType = sourcecode.swift; path = DevelopHelpers.swift; sourceTree = "<group>"; };
		0DF07B572523918700799650 /* Searchbar.swift */ = {isa = PBXFileReference; lastKnownFileType = sourcecode.swift; path = Searchbar.swift; sourceTree = "<group>"; };
		0DF07B5B2523AE4400799650 /* SummarySheetView.swift */ = {isa = PBXFileReference; lastKnownFileType = sourcecode.swift; path = SummarySheetView.swift; sourceTree = "<group>"; };
		0DFA418925371A9800252A58 /* SummarySheetCountyView.swift */ = {isa = PBXFileReference; fileEncoding = 4; lastKnownFileType = sourcecode.swift; path = SummarySheetCountyView.swift; sourceTree = "<group>"; };
		0DFF07EF2530F0960025966F /* ObservedProperties.swift */ = {isa = PBXFileReference; lastKnownFileType = sourcecode.swift; path = ObservedProperties.swift; sourceTree = "<group>"; };
		0DFF07F525310EF60025966F /* AppStatusEnum.swift */ = {isa = PBXFileReference; lastKnownFileType = sourcecode.swift; path = AppStatusEnum.swift; sourceTree = "<group>"; };
		0DFF0807253110FD0025966F /* en */ = {isa = PBXFileReference; lastKnownFileType = text.plist.strings; name = en; path = en.lproj/Localizable.strings; sourceTree = "<group>"; };
		0DFF080B253111040025966F /* de */ = {isa = PBXFileReference; lastKnownFileType = text.plist.strings; name = de; path = de.lproj/Localizable.strings; sourceTree = "<group>"; };
/* End PBXFileReference section */

/* Begin PBXFrameworksBuildPhase section */
		0D0639C42520A85500BDD706 /* Frameworks */ = {
			isa = PBXFrameworksBuildPhase;
			buildActionMask = 2147483647;
			files = (
			);
			runOnlyForDeploymentPostprocessing = 0;
		};
		0D798891254CF646008B996D /* Frameworks */ = {
			isa = PBXFrameworksBuildPhase;
			buildActionMask = 2147483647;
			files = (
				0D798896254CF646008B996D /* SwiftUI.framework in Frameworks */,
				0D798895254CF646008B996D /* WidgetKit.framework in Frameworks */,
			);
			runOnlyForDeploymentPostprocessing = 0;
		};
		0D7988D2254CF7B7008B996D /* Frameworks */ = {
			isa = PBXFrameworksBuildPhase;
			buildActionMask = 2147483647;
			files = (
			);
			runOnlyForDeploymentPostprocessing = 0;
		};
		0DA1182D2522AACA009FA6F5 /* Frameworks */ = {
			isa = PBXFrameworksBuildPhase;
			buildActionMask = 2147483647;
			files = (
			);
			runOnlyForDeploymentPostprocessing = 0;
		};
/* End PBXFrameworksBuildPhase section */

/* Begin PBXGroup section */
		0D0639BE2520A85500BDD706 = {
			isa = PBXGroup;
			children = (
				0D765120254CAA6D0030AD7D /* Shared */,
				0D0639F72520E83700BDD706 /* README.md */,
				0DE97C3C254748B800D9C8DB /* LICENSE.txt */,
				0D0639C92520A85500BDD706 /* Covid19Numbers */,
				0DA118312522AACA009FA6F5 /* Covid19NumbersTests */,
				0D798897254CF646008B996D /* Covid19NumbersWidgets */,
				0D7988D6254CF7B7008B996D /* CountyWidgetIntentExtension */,
				0DE220F3255AB7B900D1A9CD /* screenshotsklein */,
				0D798876254CF5C2008B996D /* Frameworks */,
				0D0639C82520A85500BDD706 /* Products */,
			);
			sourceTree = "<group>";
		};
		0D0639C82520A85500BDD706 /* Products */ = {
			isa = PBXGroup;
			children = (
				0D0639C72520A85500BDD706 /* Covid19Numbers.app */,
				0DA118302522AACA009FA6F5 /* Covid19NumbersTests.xctest */,
				0D798894254CF646008B996D /* Covid19NumbersWidgetsExtension.appex */,
				0D7988D5254CF7B7008B996D /* CountyWidgetIntentExtension.appex */,
			);
			name = Products;
			sourceTree = "<group>";
		};
		0D0639C92520A85500BDD706 /* Covid19Numbers */ = {
			isa = PBXGroup;
			children = (
				0D765127254CABD20030AD7D /* Covid19Numbers.entitlements */,
				0DDF985F2530D09900AB7B3D /* AppController.swift */,
				0DFF07EF2530F0960025966F /* ObservedProperties.swift */,
				0D0639CA2520A85500BDD706 /* AppDelegate.swift */,
				0D0639CC2520A85500BDD706 /* SceneDelegate.swift */,
				0DFF07F525310EF60025966F /* AppStatusEnum.swift */,
				0DA9CB2D2532287600472350 /* UpdateManager */,
				0DDF986D2530D40E00AB7B3D /* Services */,
				0D9BA59E252505E600292790 /* Views */,
				0DA1185B2522AC74009FA6F5 /* DataManagement */,
				0D0639D52520A85900BDD706 /* LaunchScreen.storyboard */,
				0D0639D82520A85900BDD706 /* Info.plist */,
				0DF07B4B252346E300799650 /* DevelopHelpers.swift */,
				0DB037862531215A0018475F /* LanguageHelpers.swift */,
				0D0639D02520A85900BDD706 /* Assets.xcassets */,
				0D0639D22520A85900BDD706 /* Preview Content */,
				0DB03796253132540018475F /* Resources */,
				0DB0378A253127AB0018475F /* Settings.bundle */,
				0DFF0808253110FD0025966F /* Localizable.strings */,
			);
			path = Covid19Numbers;
			sourceTree = "<group>";
		};
		0D0639D22520A85900BDD706 /* Preview Content */ = {
			isa = PBXGroup;
			children = (
				0D0639D32520A85900BDD706 /* Preview Assets.xcassets */,
			);
			path = "Preview Content";
			sourceTree = "<group>";
		};
		0D40EECD2532299F0029583A /* Sensors */ = {
			isa = PBXGroup;
			children = (
				0D40EECF253229E90029583A /* DataBaseNeedsUpdate.swift */,
				0D28519C253277EF00F3B5DE /* DatabaseIsInitial.swift */,
				0D40EED0253229E90029583A /* LastBecameActiveRefresh.swift */,
				0D40EECE253229E90029583A /* LastManualRefresh.swift */,
				0D40EED1253229E90029583A /* NetworkMonitor.swift */,
			);
			path = Sensors;
			sourceTree = "<group>";
		};
		0D765120254CAA6D0030AD7D /* Shared */ = {
			isa = PBXGroup;
			children = (
				0DA118572522AC5C009FA6F5 /* CovidCaseP.swift */,
				0DA118632522AD54009FA6F5 /* DataStructures.swift */,
				0DDF98632530D3AF00AB7B3D /* AppDefaultConfiguration.swift */,
				0D3B533825463CD700881BCF /* AppModeEnum.swift */,
				0DB2D30D25264F98008A455E /* DateTimeHelpers.swift */,
				0DF07B3F25233D9200799650 /* DisplayHelpers.swift */,
				0DDF98692530D3BE00AB7B3D /* LoggerExtensions.swift */,
			);
			path = Shared;
			sourceTree = "<group>";
		};
		0D798876254CF5C2008B996D /* Frameworks */ = {
			isa = PBXGroup;
			children = (
				0D798877254CF5C2008B996D /* WidgetKit.framework */,
				0D798879254CF5C2008B996D /* SwiftUI.framework */,
			);
			name = Frameworks;
			sourceTree = "<group>";
		};
		0D798897254CF646008B996D /* Covid19NumbersWidgets */ = {
			isa = PBXGroup;
			children = (
				0D7988AA254CF734008B996D /* Covid19NumbersWidgetsExtension.entitlements */,
				0DD97E78254D7E100005F204 /* CountyWidgetIntent.intentdefinition */,
				0D7988A8254CF734008B996D /* CountryWidget.swift */,
				0D7988AC254CF734008B996D /* CountyWidget.swift */,
				0D7988A7254CF734008B996D /* DataTypes.swift */,
				0D7988A9254CF734008B996D /* SQLiteReader.swift */,
				0D79889A254CF649008B996D /* Assets.xcassets */,
				0D79889C254CF649008B996D /* Info.plist */,
				0DD97E91254D7F720005F204 /* Localizable.strings */,
			);
			path = Covid19NumbersWidgets;
			sourceTree = "<group>";
		};
		0D7988D6254CF7B7008B996D /* CountyWidgetIntentExtension */ = {
			isa = PBXGroup;
			children = (
				0D7988E4254CF7CA008B996D /* CountyWidgetIntentExtension.entitlements */,
				0D7988D7254CF7B7008B996D /* IntentHandler.swift */,
				0D7988D9254CF7B7008B996D /* Info.plist */,
			);
			path = CountyWidgetIntentExtension;
			sourceTree = "<group>";
		};
		0D8C7F662534D4B8007B7845 /* SubViews */ = {
			isa = PBXGroup;
			children = (
				0D8C7F7B2534E9FC007B7845 /* TextView.swift */,
				0D8C7F6B2534D63E007B7845 /* BarView.swift */,
				0D8C7F6A2534D63E007B7845 /* ItemOfListView.swift */,
				0DF07B572523918700799650 /* Searchbar.swift */,
			);
			path = SubViews;
			sourceTree = "<group>";
		};
		0D9BA59E252505E600292790 /* Views */ = {
			isa = PBXGroup;
			children = (
				0D8C7F772534E818007B7845 /* InfoView.swift */,
				0DB2D321252A2B88008A455E /* SortSheetView.swift */,
				0DF07B5B2523AE4400799650 /* SummarySheetView.swift */,
				0DFA418925371A9800252A58 /* SummarySheetCountyView.swift */,
				0D8C7F662534D4B8007B7845 /* SubViews */,
				0D9BA5A4252508C800292790 /* AllItemsView */,
				0D9BA59F252505F700292790 /* FavoritesView */,
			);
			path = Views;
			sourceTree = "<group>";
		};
		0D9BA59F252505F700292790 /* FavoritesView */ = {
			isa = PBXGroup;
			children = (
				0D8C7F702534D65B007B7845 /* FavoritesView.swift */,
			);
			path = FavoritesView;
			sourceTree = "<group>";
		};
		0D9BA5A4252508C800292790 /* AllItemsView */ = {
			isa = PBXGroup;
			children = (
				0D8C7F812534F1DC007B7845 /* AllItemsView.swift */,
			);
			path = AllItemsView;
			sourceTree = "<group>";
		};
		0DA118312522AACA009FA6F5 /* Covid19NumbersTests */ = {
			isa = PBXGroup;
			children = (
				0D3B532E2545F10800881BCF /* ExtensionForTesting.swift */,
				0DA1183C2522ABB5009FA6F5 /* DataManagementTests */,
				0DF07B4325233F9600799650 /* TestHelpers.swift */,
				0DB2D31325265BF0008A455E /* TestDateTime.swift */,
				0DA118342522AACA009FA6F5 /* Info.plist */,
			);
			path = Covid19NumbersTests;
			sourceTree = "<group>";
		};
		0DA1183C2522ABB5009FA6F5 /* DataManagementTests */ = {
			isa = PBXGroup;
			children = (
				0DA1183D2522ABE0009FA6F5 /* TestGetCovidDataFromServerGermany.swift */,
				0DA118402522ABE0009FA6F5 /* TestSQLDBManage.swift */,
			);
			path = DataManagementTests;
			sourceTree = "<group>";
		};
		0DA1185B2522AC74009FA6F5 /* DataManagement */ = {
			isa = PBXGroup;
			children = (
				0DDF98642530D3B000AB7B3D /* UserStorage.swift */,
				0DA118642522AD54009FA6F5 /* DBManager.swift */,
				0DA118602522AD54009FA6F5 /* SQLTableCreates.swift */,
				0DD36FD2255EC2A600DF1047 /* ServerCommunication */,
			);
			path = DataManagement;
			sourceTree = "<group>";
		};
		0DA9CB2D2532287600472350 /* UpdateManager */ = {
			isa = PBXGroup;
			children = (
				0D40EECD2532299F0029583A /* Sensors */,
				0DA9CB59253228F200472350 /* StructsEnumsConstants.swift */,
				0DA9CB5A253228F200472350 /* UpdateManager_BecomeActive.swift */,
				0D2851A025327C7200F3B5DE /* UpdateManager_BackgroundTask.swift */,
				0DA9CB5E253228F300472350 /* UpdateManager_Manual.swift */,
				0D2851982532777800F3B5DE /* UpdateManager_Initial.swift */,
				0DA9CB5C253228F200472350 /* UpdateManager.swift */,
				0DA9CB5B253228F200472350 /* Updater.swift */,
			);
			path = UpdateManager;
			sourceTree = "<group>";
		};
		0DB03796253132540018475F /* Resources */ = {
			isa = PBXGroup;
			children = (
				0DB03797253132890018475F /* infotext_DE.rtf */,
				0DB03798253132890018475F /* infotext_EN.rtf */,
			);
			path = Resources;
			sourceTree = "<group>";
		};
		0DD36FD2255EC2A600DF1047 /* ServerCommunication */ = {
			isa = PBXGroup;
			children = (
				0D810AC7255D6402006E7D4E /* GetFromServer.swift */,
				0DE2215B255B6DDA00D1A9CD /* GetActualTimeStampFromServer.swift */,
				0D810AD1255D68D2006E7D4E /* GetCompleteSetFromServer.swift */,
				0DE2216D255C6F1800D1A9CD /* GetCovidBaseDataFromServer.swift */,
				0D810AD7255D6C42006E7D4E /* GetCovidRecoveredDataFromServer.swift */,
				0D810ADD255D6F13006E7D4E /* GetCovidNewDataFromServer.swift */,
				0DE22167255B75A600D1A9CD /* RequestSession.swift */,
				0DE22161255B727300D1A9CD /* ServerRequestHelpers.swift */,
			);
			path = ServerCommunication;
			sourceTree = "<group>";
		};
		0DDF986D2530D40E00AB7B3D /* Services */ = {
			isa = PBXGroup;
			children = (
				0DE22134255B5B8400D1A9CD /* BackgroundWork.swift */,
				0DDF98722530D59500AB7B3D /* BackGroundTaskController.swift */,
				0DDF986E2530D45B00AB7B3D /* NetworkMonitorService.swift */,
			);
			path = Services;
			sourceTree = "<group>";
		};
		0DE220F3255AB7B900D1A9CD /* screenshotsklein */ = {
			isa = PBXGroup;
			children = (
				0DE220F7255AB7F500D1A9CD /* IMG_6676_klein.png */,
				0DE220F4255AB7F500D1A9CD /* IMG_6677_klein.png */,
				0DE220F6255AB7F500D1A9CD /* IMG_6678_klein.png */,
				0DE220F5255AB7F500D1A9CD /* IMG_6679_klein.png */,
				0DE220F8255AB7F500D1A9CD /* IMG_6685_klein.png */,
			);
			path = screenshotsklein;
			sourceTree = "<group>";
		};
/* End PBXGroup section */

/* Begin PBXNativeTarget section */
		0D0639C62520A85500BDD706 /* Covid19Numbers */ = {
			isa = PBXNativeTarget;
			buildConfigurationList = 0D0639DB2520A85900BDD706 /* Build configuration list for PBXNativeTarget "Covid19Numbers" */;
			buildPhases = (
				0D0639C32520A85500BDD706 /* Sources */,
				0D0639C42520A85500BDD706 /* Frameworks */,
				0DE5132425365BA900CE8BC3 /* Show Version on LaunchScreen */,
				0D0639C52520A85500BDD706 /* Resources */,
				0D798887254CF5C5008B996D /* Embed App Extensions */,
			);
			buildRules = (
			);
			dependencies = (
				0D79889E254CF649008B996D /* PBXTargetDependency */,
				0D7988DB254CF7B7008B996D /* PBXTargetDependency */,
			);
			name = Covid19Numbers;
			productName = RefreshTest1;
			productReference = 0D0639C72520A85500BDD706 /* Covid19Numbers.app */;
			productType = "com.apple.product-type.application";
		};
		0D798893254CF646008B996D /* Covid19NumbersWidgetsExtension */ = {
			isa = PBXNativeTarget;
			buildConfigurationList = 0D7988A0254CF649008B996D /* Build configuration list for PBXNativeTarget "Covid19NumbersWidgetsExtension" */;
			buildPhases = (
				0D798890254CF646008B996D /* Sources */,
				0D798891254CF646008B996D /* Frameworks */,
				0D798892254CF646008B996D /* Resources */,
			);
			buildRules = (
			);
			dependencies = (
			);
			name = Covid19NumbersWidgetsExtension;
			productName = Covid19NumbersWidgetsExtension;
			productReference = 0D798894254CF646008B996D /* Covid19NumbersWidgetsExtension.appex */;
			productType = "com.apple.product-type.app-extension";
		};
		0D7988D4254CF7B7008B996D /* CountyWidgetIntentExtension */ = {
			isa = PBXNativeTarget;
			buildConfigurationList = 0D7988DD254CF7B7008B996D /* Build configuration list for PBXNativeTarget "CountyWidgetIntentExtension" */;
			buildPhases = (
				0D7988D1254CF7B7008B996D /* Sources */,
				0D7988D2254CF7B7008B996D /* Frameworks */,
				0D7988D3254CF7B7008B996D /* Resources */,
			);
			buildRules = (
			);
			dependencies = (
			);
			name = CountyWidgetIntentExtension;
			productName = CountyWidgetIntentExtension;
			productReference = 0D7988D5254CF7B7008B996D /* CountyWidgetIntentExtension.appex */;
			productType = "com.apple.product-type.app-extension";
		};
		0DA1182F2522AACA009FA6F5 /* Covid19NumbersTests */ = {
			isa = PBXNativeTarget;
			buildConfigurationList = 0DA118392522AACA009FA6F5 /* Build configuration list for PBXNativeTarget "Covid19NumbersTests" */;
			buildPhases = (
				0DA1182C2522AACA009FA6F5 /* Sources */,
				0DA1182D2522AACA009FA6F5 /* Frameworks */,
				0DA1182E2522AACA009FA6F5 /* Resources */,
			);
			buildRules = (
			);
			dependencies = (
				0DA118362522AACA009FA6F5 /* PBXTargetDependency */,
			);
			name = Covid19NumbersTests;
			productName = RefreshTest5Tests;
			productReference = 0DA118302522AACA009FA6F5 /* Covid19NumbersTests.xctest */;
			productType = "com.apple.product-type.bundle.unit-test";
		};
/* End PBXNativeTarget section */

/* Begin PBXProject section */
		0D0639BF2520A85500BDD706 /* Project object */ = {
			isa = PBXProject;
			attributes = {
				LastSwiftUpdateCheck = 1200;
				LastUpgradeCheck = 1200;
				TargetAttributes = {
					0D0639C62520A85500BDD706 = {
						CreatedOnToolsVersion = 12.0;
					};
					0D798893254CF646008B996D = {
						CreatedOnToolsVersion = 12.0;
					};
					0D7988D4254CF7B7008B996D = {
						CreatedOnToolsVersion = 12.0;
					};
					0DA1182F2522AACA009FA6F5 = {
						CreatedOnToolsVersion = 12.0;
						TestTargetID = 0D0639C62520A85500BDD706;
					};
				};
			};
			buildConfigurationList = 0D0639C22520A85500BDD706 /* Build configuration list for PBXProject "Covid19Numbers" */;
			compatibilityVersion = "Xcode 9.3";
			developmentRegion = en;
			hasScannedForEncodings = 0;
			knownRegions = (
				en,
				Base,
				de,
			);
			mainGroup = 0D0639BE2520A85500BDD706;
			productRefGroup = 0D0639C82520A85500BDD706 /* Products */;
			projectDirPath = "";
			projectRoot = "";
			targets = (
				0D0639C62520A85500BDD706 /* Covid19Numbers */,
				0DA1182F2522AACA009FA6F5 /* Covid19NumbersTests */,
				0D798893254CF646008B996D /* Covid19NumbersWidgetsExtension */,
				0D7988D4254CF7B7008B996D /* CountyWidgetIntentExtension */,
			);
		};
/* End PBXProject section */

/* Begin PBXResourcesBuildPhase section */
		0D0639C52520A85500BDD706 /* Resources */ = {
			isa = PBXResourcesBuildPhase;
			buildActionMask = 2147483647;
			files = (
				0D0639D72520A85900BDD706 /* LaunchScreen.storyboard in Resources */,
				0DFF0806253110FD0025966F /* Localizable.strings in Resources */,
				0DB0379A253132890018475F /* infotext_EN.rtf in Resources */,
				0DB0378B253127AB0018475F /* Settings.bundle in Resources */,
				0DE97C3D254748B800D9C8DB /* LICENSE.txt in Resources */,
				0D0639D42520A85900BDD706 /* Preview Assets.xcassets in Resources */,
				0DB03799253132890018475F /* infotext_DE.rtf in Resources */,
				0D0639D12520A85900BDD706 /* Assets.xcassets in Resources */,
			);
			runOnlyForDeploymentPostprocessing = 0;
		};
		0D798892254CF646008B996D /* Resources */ = {
			isa = PBXResourcesBuildPhase;
			buildActionMask = 2147483647;
			files = (
				0D79889B254CF649008B996D /* Assets.xcassets in Resources */,
				0DD97E8F254D7F720005F204 /* Localizable.strings in Resources */,
			);
			runOnlyForDeploymentPostprocessing = 0;
		};
		0D7988D3254CF7B7008B996D /* Resources */ = {
			isa = PBXResourcesBuildPhase;
			buildActionMask = 2147483647;
			files = (
			);
			runOnlyForDeploymentPostprocessing = 0;
		};
		0DA1182E2522AACA009FA6F5 /* Resources */ = {
			isa = PBXResourcesBuildPhase;
			buildActionMask = 2147483647;
			files = (
			);
			runOnlyForDeploymentPostprocessing = 0;
		};
/* End PBXResourcesBuildPhase section */

/* Begin PBXShellScriptBuildPhase section */
		0DE5132425365BA900CE8BC3 /* Show Version on LaunchScreen */ = {
			isa = PBXShellScriptBuildPhase;
			buildActionMask = 12;
			files = (
			);
			inputFileListPaths = (
			);
			inputPaths = (
			);
			name = "Show Version on LaunchScreen";
			outputFileListPaths = (
			);
			outputPaths = (
			);
			runOnlyForDeploymentPostprocessing = 0;
			shellPath = /bin/sh;
			shellScript = "#   ON/OFF Script Toggle (script ON with #, script OFF without #)\n#exit 0\n\n#   App vesion / Build version constants\nsourceFilePath=\"$PROJECT_DIR/$PROJECT_NAME/Base.lproj/LaunchScreen.storyboard\"\nversionNumber=\"$MARKETING_VERSION\"\nbuildNumber=\"$CURRENT_PROJECT_VERSION\"\n\n#   Output version & build numbers into a label on LaunchScreen.storyboard\nsed -i .bak -e \"/userLabel=\\\"APP_VERSION\\\"/s/text=\\\"[^\\\"]*\\\"/text=\\\"Version $versionNumber($buildNumber)\\\"/\" \"$sourceFilePath\"\n";
		};
/* End PBXShellScriptBuildPhase section */

/* Begin PBXSourcesBuildPhase section */
		0D0639C32520A85500BDD706 /* Sources */ = {
			isa = PBXSourcesBuildPhase;
			buildActionMask = 2147483647;
			files = (
				0DE2216E255C6F1800D1A9CD /* GetCovidBaseDataFromServer.swift in Sources */,
				0DDF986F2530D45B00AB7B3D /* NetworkMonitorService.swift in Sources */,
				0D810ADE255D6F13006E7D4E /* GetCovidNewDataFromServer.swift in Sources */,
				0DB037872531215A0018475F /* LanguageHelpers.swift in Sources */,
				0DF07B4025233D9200799650 /* DisplayHelpers.swift in Sources */,
				0DE22135255B5B8400D1A9CD /* BackgroundWork.swift in Sources */,
				0D2851992532777800F3B5DE /* UpdateManager_Initial.swift in Sources */,
				0D40EED2253229E90029583A /* LastManualRefresh.swift in Sources */,
				0DDF98662530D3B000AB7B3D /* UserStorage.swift in Sources */,
				0D810AD2255D68D2006E7D4E /* GetCompleteSetFromServer.swift in Sources */,
				0D40EED4253229E90029583A /* LastBecameActiveRefresh.swift in Sources */,
				0DA118662522AD54009FA6F5 /* SQLTableCreates.swift in Sources */,
				0DA118692522AD54009FA6F5 /* DataStructures.swift in Sources */,
				0D0639CB2520A85500BDD706 /* AppDelegate.swift in Sources */,
				0DE2215C255B6DDA00D1A9CD /* GetActualTimeStampFromServer.swift in Sources */,
				0DA1186A2522AD54009FA6F5 /* DBManager.swift in Sources */,
				0D810AC8255D6402006E7D4E /* GetFromServer.swift in Sources */,
				0D810AD8255D6C42006E7D4E /* GetCovidRecoveredDataFromServer.swift in Sources */,
				0D8C7F6D2534D63E007B7845 /* BarView.swift in Sources */,
				0DE22162255B727300D1A9CD /* ServerRequestHelpers.swift in Sources */,
				0DFA418A25371A9800252A58 /* SummarySheetCountyView.swift in Sources */,
				0DDF986A2530D3BE00AB7B3D /* LoggerExtensions.swift in Sources */,
				0DA9CB68253228F300472350 /* StructsEnumsConstants.swift in Sources */,
				0D8C7F6C2534D63E007B7845 /* ItemOfListView.swift in Sources */,
				0DB2D322252A2B89008A455E /* SortSheetView.swift in Sources */,
				0DA9CB64253228F300472350 /* UpdateManager_BecomeActive.swift in Sources */,
				0DFF07F625310EF60025966F /* AppStatusEnum.swift in Sources */,
				0D0639CD2520A85500BDD706 /* SceneDelegate.swift in Sources */,
				0D8C7F712534D65B007B7845 /* FavoritesView.swift in Sources */,
				0D40EED3253229E90029583A /* DataBaseNeedsUpdate.swift in Sources */,
				0DA9CB66253228F300472350 /* UpdateManager.swift in Sources */,
				0DDF98652530D3B000AB7B3D /* AppDefaultConfiguration.swift in Sources */,
				0DF07B4C252346E300799650 /* DevelopHelpers.swift in Sources */,
				0D8C7F822534F1DC007B7845 /* AllItemsView.swift in Sources */,
				0DF07B5C2523AE4400799650 /* SummarySheetView.swift in Sources */,
				0DE22168255B75A600D1A9CD /* RequestSession.swift in Sources */,
				0DA9CB63253228F300472350 /* Updater.swift in Sources */,
				0D40EED5253229E90029583A /* NetworkMonitor.swift in Sources */,
				0DB2D30E25264F98008A455E /* DateTimeHelpers.swift in Sources */,
				0DA9CB61253228F300472350 /* UpdateManager_Manual.swift in Sources */,
				0DDF98732530D59500AB7B3D /* BackGroundTaskController.swift in Sources */,
				0DFF07F02530F0960025966F /* ObservedProperties.swift in Sources */,
				0D8C7F782534E818007B7845 /* InfoView.swift in Sources */,
				0DF07B582523918700799650 /* Searchbar.swift in Sources */,
				0DDF98602530D09A00AB7B3D /* AppController.swift in Sources */,
				0D2851A125327C7200F3B5DE /* UpdateManager_BackgroundTask.swift in Sources */,
				0D28519D253277EF00F3B5DE /* DatabaseIsInitial.swift in Sources */,
				0D8C7F7C2534E9FC007B7845 /* TextView.swift in Sources */,
				0DA118582522AC5C009FA6F5 /* CovidCaseP.swift in Sources */,
				0D3B533925463CD800881BCF /* AppModeEnum.swift in Sources */,
			);
			runOnlyForDeploymentPostprocessing = 0;
		};
		0D798890254CF646008B996D /* Sources */ = {
			isa = PBXSourcesBuildPhase;
			buildActionMask = 2147483647;
			files = (
				0DD97E75254D7E100005F204 /* CountyWidgetIntent.intentdefinition in Sources */,
				0D7988C1254CF77C008B996D /* AppModeEnum.swift in Sources */,
				0D7988CD254CF784008B996D /* LoggerExtensions.swift in Sources */,
				0D7988B9254CF777008B996D /* DataStructures.swift in Sources */,
				0D7988F7254CF811008B996D /* CountryWidget.swift in Sources */,
				0D7988B5254CF774008B996D /* CovidCaseP.swift in Sources */,
				0D798902254CF81A008B996D /* SQLiteReader.swift in Sources */,
				0D7988BD254CF77A008B996D /* AppDefaultConfiguration.swift in Sources */,
				0D7988FC254CF814008B996D /* CountyWidget.swift in Sources */,
				0D7988C5254CF77F008B996D /* DateTimeHelpers.swift in Sources */,
				0D7988FD254CF817008B996D /* DataTypes.swift in Sources */,
				0D7988C9254CF781008B996D /* DisplayHelpers.swift in Sources */,
			);
			runOnlyForDeploymentPostprocessing = 0;
		};
		0D7988D1254CF7B7008B996D /* Sources */ = {
			isa = PBXSourcesBuildPhase;
			buildActionMask = 2147483647;
			files = (
				0D798932254CF937008B996D /* CovidCaseP.swift in Sources */,
				0D79892D254CF934008B996D /* DataStructures.swift in Sources */,
				0D798923254CF92F008B996D /* AppModeEnum.swift in Sources */,
				0D798914254CF927008B996D /* LoggerExtensions.swift in Sources */,
				0D798907254CF86E008B996D /* SQLiteReader.swift in Sources */,
				0D798919254CF92A008B996D /* DisplayHelpers.swift in Sources */,
				0DD97E76254D7E100005F204 /* CountyWidgetIntent.intentdefinition in Sources */,
				0D79891E254CF92C008B996D /* DateTimeHelpers.swift in Sources */,
				0D798928254CF932008B996D /* AppDefaultConfiguration.swift in Sources */,
				0D7988D8254CF7B7008B996D /* IntentHandler.swift in Sources */,
			);
			runOnlyForDeploymentPostprocessing = 0;
		};
		0DA1182C2522AACA009FA6F5 /* Sources */ = {
			isa = PBXSourcesBuildPhase;
			buildActionMask = 2147483647;
			files = (
				0DB2D31425265BF0008A455E /* TestDateTime.swift in Sources */,
				0DF07B4425233F9600799650 /* TestHelpers.swift in Sources */,
				0DA118412522ABE0009FA6F5 /* TestGetCovidDataFromServerGermany.swift in Sources */,
				0DA118442522ABE0009FA6F5 /* TestSQLDBManage.swift in Sources */,
				0D3B532F2545F10800881BCF /* ExtensionForTesting.swift in Sources */,
			);
			runOnlyForDeploymentPostprocessing = 0;
		};
/* End PBXSourcesBuildPhase section */

/* Begin PBXTargetDependency section */
		0D79889E254CF649008B996D /* PBXTargetDependency */ = {
			isa = PBXTargetDependency;
			target = 0D798893254CF646008B996D /* Covid19NumbersWidgetsExtension */;
			targetProxy = 0D79889D254CF649008B996D /* PBXContainerItemProxy */;
		};
		0D7988DB254CF7B7008B996D /* PBXTargetDependency */ = {
			isa = PBXTargetDependency;
			target = 0D7988D4254CF7B7008B996D /* CountyWidgetIntentExtension */;
			targetProxy = 0D7988DA254CF7B7008B996D /* PBXContainerItemProxy */;
		};
		0DA118362522AACA009FA6F5 /* PBXTargetDependency */ = {
			isa = PBXTargetDependency;
			target = 0D0639C62520A85500BDD706 /* Covid19Numbers */;
			targetProxy = 0DA118352522AACA009FA6F5 /* PBXContainerItemProxy */;
		};
/* End PBXTargetDependency section */

/* Begin PBXVariantGroup section */
		0D0639D52520A85900BDD706 /* LaunchScreen.storyboard */ = {
			isa = PBXVariantGroup;
			children = (
				0D0639D62520A85900BDD706 /* Base */,
			);
			name = LaunchScreen.storyboard;
			sourceTree = "<group>";
		};
		0DD97E78254D7E100005F204 /* CountyWidgetIntent.intentdefinition */ = {
			isa = PBXVariantGroup;
			children = (
				0DD97E77254D7E100005F204 /* Base */,
				0DD97E7E254D7E1A0005F204 /* en */,
				0DD97E84254D7E200005F204 /* de */,
			);
			name = CountyWidgetIntent.intentdefinition;
			sourceTree = "<group>";
		};
		0DD97E91254D7F720005F204 /* Localizable.strings */ = {
			isa = PBXVariantGroup;
			children = (
				0DD97E90254D7F720005F204 /* en */,
				0DD97E92254D7F790005F204 /* de */,
			);
			name = Localizable.strings;
			sourceTree = "<group>";
		};
		0DFF0808253110FD0025966F /* Localizable.strings */ = {
			isa = PBXVariantGroup;
			children = (
				0DFF0807253110FD0025966F /* en */,
				0DFF080B253111040025966F /* de */,
			);
			name = Localizable.strings;
			sourceTree = "<group>";
		};
/* End PBXVariantGroup section */

/* Begin XCBuildConfiguration section */
		0D0639D92520A85900BDD706 /* Debug */ = {
			isa = XCBuildConfiguration;
			buildSettings = {
				ALWAYS_SEARCH_USER_PATHS = NO;
				CLANG_ANALYZER_LOCALIZABILITY_NONLOCALIZED = YES;
				CLANG_ANALYZER_NONNULL = YES;
				CLANG_ANALYZER_NUMBER_OBJECT_CONVERSION = YES_AGGRESSIVE;
				CLANG_CXX_LANGUAGE_STANDARD = "gnu++14";
				CLANG_CXX_LIBRARY = "libc++";
				CLANG_ENABLE_MODULES = YES;
				CLANG_ENABLE_OBJC_ARC = YES;
				CLANG_ENABLE_OBJC_WEAK = YES;
				CLANG_WARN_BLOCK_CAPTURE_AUTORELEASING = YES;
				CLANG_WARN_BOOL_CONVERSION = YES;
				CLANG_WARN_COMMA = YES;
				CLANG_WARN_CONSTANT_CONVERSION = YES;
				CLANG_WARN_DEPRECATED_OBJC_IMPLEMENTATIONS = YES;
				CLANG_WARN_DIRECT_OBJC_ISA_USAGE = YES_ERROR;
				CLANG_WARN_DOCUMENTATION_COMMENTS = YES;
				CLANG_WARN_EMPTY_BODY = YES;
				CLANG_WARN_ENUM_CONVERSION = YES;
				CLANG_WARN_INFINITE_RECURSION = YES;
				CLANG_WARN_INT_CONVERSION = YES;
				CLANG_WARN_NON_LITERAL_NULL_CONVERSION = YES;
				CLANG_WARN_OBJC_IMPLICIT_RETAIN_SELF = YES;
				CLANG_WARN_OBJC_LITERAL_CONVERSION = YES;
				CLANG_WARN_OBJC_ROOT_CLASS = YES_ERROR;
				CLANG_WARN_QUOTED_INCLUDE_IN_FRAMEWORK_HEADER = YES;
				CLANG_WARN_RANGE_LOOP_ANALYSIS = YES;
				CLANG_WARN_STRICT_PROTOTYPES = YES;
				CLANG_WARN_SUSPICIOUS_MOVE = YES;
				CLANG_WARN_UNGUARDED_AVAILABILITY = YES_AGGRESSIVE;
				CLANG_WARN_UNREACHABLE_CODE = YES;
				CLANG_WARN__DUPLICATE_METHOD_MATCH = YES;
				COPY_PHASE_STRIP = NO;
				DEBUG_INFORMATION_FORMAT = dwarf;
				ENABLE_STRICT_OBJC_MSGSEND = YES;
				ENABLE_TESTABILITY = YES;
				GCC_C_LANGUAGE_STANDARD = gnu11;
				GCC_DYNAMIC_NO_PIC = NO;
				GCC_NO_COMMON_BLOCKS = YES;
				GCC_OPTIMIZATION_LEVEL = 0;
				GCC_PREPROCESSOR_DEFINITIONS = (
					"DEBUG=1",
					"$(inherited)",
				);
				GCC_WARN_64_TO_32_BIT_CONVERSION = YES;
				GCC_WARN_ABOUT_RETURN_TYPE = YES_ERROR;
				GCC_WARN_UNDECLARED_SELECTOR = YES;
				GCC_WARN_UNINITIALIZED_AUTOS = YES_AGGRESSIVE;
				GCC_WARN_UNUSED_FUNCTION = YES;
				GCC_WARN_UNUSED_VARIABLE = YES;
				IPHONEOS_DEPLOYMENT_TARGET = 14.0;
				MTL_ENABLE_DEBUG_INFO = INCLUDE_SOURCE;
				MTL_FAST_MATH = YES;
				ONLY_ACTIVE_ARCH = YES;
				SDKROOT = iphoneos;
				SWIFT_ACTIVE_COMPILATION_CONDITIONS = DEBUG;
				SWIFT_OPTIMIZATION_LEVEL = "-Onone";
			};
			name = Debug;
		};
		0D0639DA2520A85900BDD706 /* Release */ = {
			isa = XCBuildConfiguration;
			buildSettings = {
				ALWAYS_SEARCH_USER_PATHS = NO;
				CLANG_ANALYZER_LOCALIZABILITY_NONLOCALIZED = YES;
				CLANG_ANALYZER_NONNULL = YES;
				CLANG_ANALYZER_NUMBER_OBJECT_CONVERSION = YES_AGGRESSIVE;
				CLANG_CXX_LANGUAGE_STANDARD = "gnu++14";
				CLANG_CXX_LIBRARY = "libc++";
				CLANG_ENABLE_MODULES = YES;
				CLANG_ENABLE_OBJC_ARC = YES;
				CLANG_ENABLE_OBJC_WEAK = YES;
				CLANG_WARN_BLOCK_CAPTURE_AUTORELEASING = YES;
				CLANG_WARN_BOOL_CONVERSION = YES;
				CLANG_WARN_COMMA = YES;
				CLANG_WARN_CONSTANT_CONVERSION = YES;
				CLANG_WARN_DEPRECATED_OBJC_IMPLEMENTATIONS = YES;
				CLANG_WARN_DIRECT_OBJC_ISA_USAGE = YES_ERROR;
				CLANG_WARN_DOCUMENTATION_COMMENTS = YES;
				CLANG_WARN_EMPTY_BODY = YES;
				CLANG_WARN_ENUM_CONVERSION = YES;
				CLANG_WARN_INFINITE_RECURSION = YES;
				CLANG_WARN_INT_CONVERSION = YES;
				CLANG_WARN_NON_LITERAL_NULL_CONVERSION = YES;
				CLANG_WARN_OBJC_IMPLICIT_RETAIN_SELF = YES;
				CLANG_WARN_OBJC_LITERAL_CONVERSION = YES;
				CLANG_WARN_OBJC_ROOT_CLASS = YES_ERROR;
				CLANG_WARN_QUOTED_INCLUDE_IN_FRAMEWORK_HEADER = YES;
				CLANG_WARN_RANGE_LOOP_ANALYSIS = YES;
				CLANG_WARN_STRICT_PROTOTYPES = YES;
				CLANG_WARN_SUSPICIOUS_MOVE = YES;
				CLANG_WARN_UNGUARDED_AVAILABILITY = YES_AGGRESSIVE;
				CLANG_WARN_UNREACHABLE_CODE = YES;
				CLANG_WARN__DUPLICATE_METHOD_MATCH = YES;
				COPY_PHASE_STRIP = NO;
				DEBUG_INFORMATION_FORMAT = "dwarf-with-dsym";
				ENABLE_NS_ASSERTIONS = NO;
				ENABLE_STRICT_OBJC_MSGSEND = YES;
				GCC_C_LANGUAGE_STANDARD = gnu11;
				GCC_NO_COMMON_BLOCKS = YES;
				GCC_WARN_64_TO_32_BIT_CONVERSION = YES;
				GCC_WARN_ABOUT_RETURN_TYPE = YES_ERROR;
				GCC_WARN_UNDECLARED_SELECTOR = YES;
				GCC_WARN_UNINITIALIZED_AUTOS = YES_AGGRESSIVE;
				GCC_WARN_UNUSED_FUNCTION = YES;
				GCC_WARN_UNUSED_VARIABLE = YES;
				IPHONEOS_DEPLOYMENT_TARGET = 14.0;
				MTL_ENABLE_DEBUG_INFO = NO;
				MTL_FAST_MATH = YES;
				SDKROOT = iphoneos;
				SWIFT_COMPILATION_MODE = wholemodule;
				SWIFT_OPTIMIZATION_LEVEL = "-O";
				VALIDATE_PRODUCT = YES;
			};
			name = Release;
		};
		0D0639DC2520A85900BDD706 /* Debug */ = {
			isa = XCBuildConfiguration;
			buildSettings = {
				ALWAYS_EMBED_SWIFT_STANDARD_LIBRARIES = YES;
				ASSETCATALOG_COMPILER_APPICON_NAME = AppIcon;
				ASSETCATALOG_COMPILER_GLOBAL_ACCENT_COLOR_NAME = AccentColor;
				CODE_SIGN_ENTITLEMENTS = Covid19Numbers/Covid19Numbers.entitlements;
				CODE_SIGN_STYLE = Automatic;
				CURRENT_PROJECT_VERSION = 36;
				DEVELOPMENT_ASSET_PATHS = "Covid19Numbers/Preview\\ Content";
				DEVELOPMENT_TEAM = 3392265EU8;
				ENABLE_PREVIEWS = YES;
				INFOPLIST_FILE = Covid19Numbers/Info.plist;
				LD_RUNPATH_SEARCH_PATHS = (
					"$(inherited)",
					"@executable_path/Frameworks",
				);
				MARKETING_VERSION = 1.07;
				OTHER_SWIFT_FLAGS = "-DMAINAPP";
				PRODUCT_BUNDLE_IDENTIFIER = com.YourName.Covid19Numbers;
				PRODUCT_NAME = "$(TARGET_NAME)";
				SWIFT_VERSION = 5.0;
				TARGETED_DEVICE_FAMILY = 1;
			};
			name = Debug;
		};
		0D0639DD2520A85900BDD706 /* Release */ = {
			isa = XCBuildConfiguration;
			buildSettings = {
				ALWAYS_EMBED_SWIFT_STANDARD_LIBRARIES = YES;
				ASSETCATALOG_COMPILER_APPICON_NAME = AppIcon;
				ASSETCATALOG_COMPILER_GLOBAL_ACCENT_COLOR_NAME = AccentColor;
				CODE_SIGN_ENTITLEMENTS = Covid19Numbers/Covid19Numbers.entitlements;
				CODE_SIGN_STYLE = Automatic;
				CURRENT_PROJECT_VERSION = 36;
				DEVELOPMENT_ASSET_PATHS = "Covid19Numbers/Preview\\ Content";
				DEVELOPMENT_TEAM = 3392265EU8;
				ENABLE_PREVIEWS = YES;
				INFOPLIST_FILE = Covid19Numbers/Info.plist;
				LD_RUNPATH_SEARCH_PATHS = (
					"$(inherited)",
					"@executable_path/Frameworks",
				);
				MARKETING_VERSION = 1.07;
				OTHER_SWIFT_FLAGS = "-DMAINAPP";
				PRODUCT_BUNDLE_IDENTIFIER = com.YourName.Covid19Numbers;
				PRODUCT_NAME = "$(TARGET_NAME)";
				SWIFT_VERSION = 5.0;
				TARGETED_DEVICE_FAMILY = 1;
			};
			name = Release;
		};
		0D7988A1254CF649008B996D /* Debug */ = {
			isa = XCBuildConfiguration;
			buildSettings = {
				ASSETCATALOG_COMPILER_GLOBAL_ACCENT_COLOR_NAME = AccentColor;
				ASSETCATALOG_COMPILER_WIDGET_BACKGROUND_COLOR_NAME = WidgetBackground;
				CODE_SIGN_ENTITLEMENTS = Covid19NumbersWidgets/Covid19NumbersWidgetsExtension.entitlements;
				CODE_SIGN_STYLE = Automatic;
				CURRENT_PROJECT_VERSION = 36;
				DEVELOPMENT_TEAM = 3392265EU8;
				INFOPLIST_FILE = Covid19NumbersWidgets/Info.plist;
				LD_RUNPATH_SEARCH_PATHS = (
					"$(inherited)",
					"@executable_path/Frameworks",
					"@executable_path/../../Frameworks",
				);
				MARKETING_VERSION = 1.07;
				PRODUCT_BUNDLE_IDENTIFIER = com.YourName.Covid19Numbers.Covid19NumbersWidgets;
				PRODUCT_NAME = "$(TARGET_NAME)";
				SKIP_INSTALL = YES;
				SWIFT_VERSION = 5.0;
				TARGETED_DEVICE_FAMILY = 1;
			};
			name = Debug;
		};
		0D7988A2254CF649008B996D /* Release */ = {
			isa = XCBuildConfiguration;
			buildSettings = {
				ASSETCATALOG_COMPILER_GLOBAL_ACCENT_COLOR_NAME = AccentColor;
				ASSETCATALOG_COMPILER_WIDGET_BACKGROUND_COLOR_NAME = WidgetBackground;
				CODE_SIGN_ENTITLEMENTS = Covid19NumbersWidgets/Covid19NumbersWidgetsExtension.entitlements;
				CODE_SIGN_STYLE = Automatic;
				CURRENT_PROJECT_VERSION = 36;
				DEVELOPMENT_TEAM = 3392265EU8;
				INFOPLIST_FILE = Covid19NumbersWidgets/Info.plist;
				LD_RUNPATH_SEARCH_PATHS = (
					"$(inherited)",
					"@executable_path/Frameworks",
					"@executable_path/../../Frameworks",
				);
				MARKETING_VERSION = 1.07;
				PRODUCT_BUNDLE_IDENTIFIER = com.YourName.Covid19Numbers.Covid19NumbersWidgets;
				PRODUCT_NAME = "$(TARGET_NAME)";
				SKIP_INSTALL = YES;
				SWIFT_VERSION = 5.0;
				TARGETED_DEVICE_FAMILY = 1;
			};
			name = Release;
		};
		0D7988DE254CF7B7008B996D /* Debug */ = {
			isa = XCBuildConfiguration;
			buildSettings = {
				CODE_SIGN_ENTITLEMENTS = CountyWidgetIntentExtension/CountyWidgetIntentExtension.entitlements;
				CODE_SIGN_STYLE = Automatic;
				CURRENT_PROJECT_VERSION = 36;
				DEVELOPMENT_TEAM = 3392265EU8;
				INFOPLIST_FILE = CountyWidgetIntentExtension/Info.plist;
				LD_RUNPATH_SEARCH_PATHS = (
					"$(inherited)",
					"@executable_path/Frameworks",
					"@executable_path/../../Frameworks",
				);
				MARKETING_VERSION = 1.07;
				PRODUCT_BUNDLE_IDENTIFIER = com.YourName.Covid19Numbers.CountyWidgetIntentExtension;
				PRODUCT_NAME = "$(TARGET_NAME)";
				SKIP_INSTALL = YES;
				SWIFT_VERSION = 5.0;
				TARGETED_DEVICE_FAMILY = 1;
			};
			name = Debug;
		};
		0D7988DF254CF7B7008B996D /* Release */ = {
			isa = XCBuildConfiguration;
			buildSettings = {
				CODE_SIGN_ENTITLEMENTS = CountyWidgetIntentExtension/CountyWidgetIntentExtension.entitlements;
				CODE_SIGN_STYLE = Automatic;
				CURRENT_PROJECT_VERSION = 36;
				DEVELOPMENT_TEAM = 3392265EU8;
				INFOPLIST_FILE = CountyWidgetIntentExtension/Info.plist;
				LD_RUNPATH_SEARCH_PATHS = (
					"$(inherited)",
					"@executable_path/Frameworks",
					"@executable_path/../../Frameworks",
				);
				MARKETING_VERSION = 1.07;
				PRODUCT_BUNDLE_IDENTIFIER = com.YourName.Covid19Numbers.CountyWidgetIntentExtension;
				PRODUCT_NAME = "$(TARGET_NAME)";
				SKIP_INSTALL = YES;
				SWIFT_VERSION = 5.0;
				TARGETED_DEVICE_FAMILY = 1;
			};
			name = Release;
		};
		0DA118372522AACA009FA6F5 /* Debug */ = {
			isa = XCBuildConfiguration;
			buildSettings = {
				BUNDLE_LOADER = "$(TEST_HOST)";
				CODE_SIGN_STYLE = Automatic;
				DEVELOPMENT_TEAM = 3392265EU8;
				INFOPLIST_FILE = Covid19Numbers/Info.plist;
				LD_RUNPATH_SEARCH_PATHS = (
					"$(inherited)",
					"@executable_path/Frameworks",
					"@loader_path/Frameworks",
				);
				PRODUCT_BUNDLE_IDENTIFIER = com.DirkScheidt.Covid19Numbers;
				PRODUCT_NAME = "$(TARGET_NAME)";
				SWIFT_VERSION = 5.0;
				TARGETED_DEVICE_FAMILY = "1,2";
				TEST_HOST = "$(BUILT_PRODUCTS_DIR)/Covid19Numbers.app/Covid19Numbers";
			};
			name = Debug;
		};
		0DA118382522AACA009FA6F5 /* Release */ = {
			isa = XCBuildConfiguration;
			buildSettings = {
				BUNDLE_LOADER = "$(TEST_HOST)";
				CODE_SIGN_STYLE = Automatic;
				DEVELOPMENT_TEAM = 3392265EU8;
				INFOPLIST_FILE = Covid19Numbers/Info.plist;
				LD_RUNPATH_SEARCH_PATHS = (
					"$(inherited)",
					"@executable_path/Frameworks",
					"@loader_path/Frameworks",
				);
				PRODUCT_BUNDLE_IDENTIFIER = com.DirkScheidt.Covid19Numbers;
				PRODUCT_NAME = "$(TARGET_NAME)";
				SWIFT_VERSION = 5.0;
				TARGETED_DEVICE_FAMILY = "1,2";
				TEST_HOST = "$(BUILT_PRODUCTS_DIR)/Covid19Numbers.app/Covid19Numbers";
			};
			name = Release;
		};
/* End XCBuildConfiguration section */

/* Begin XCConfigurationList section */
		0D0639C22520A85500BDD706 /* Build configuration list for PBXProject "Covid19Numbers" */ = {
			isa = XCConfigurationList;
			buildConfigurations = (
				0D0639D92520A85900BDD706 /* Debug */,
				0D0639DA2520A85900BDD706 /* Release */,
			);
			defaultConfigurationIsVisible = 0;
			defaultConfigurationName = Release;
		};
		0D0639DB2520A85900BDD706 /* Build configuration list for PBXNativeTarget "Covid19Numbers" */ = {
			isa = XCConfigurationList;
			buildConfigurations = (
				0D0639DC2520A85900BDD706 /* Debug */,
				0D0639DD2520A85900BDD706 /* Release */,
			);
			defaultConfigurationIsVisible = 0;
			defaultConfigurationName = Release;
		};
		0D7988A0254CF649008B996D /* Build configuration list for PBXNativeTarget "Covid19NumbersWidgetsExtension" */ = {
			isa = XCConfigurationList;
			buildConfigurations = (
				0D7988A1254CF649008B996D /* Debug */,
				0D7988A2254CF649008B996D /* Release */,
			);
			defaultConfigurationIsVisible = 0;
			defaultConfigurationName = Release;
		};
		0D7988DD254CF7B7008B996D /* Build configuration list for PBXNativeTarget "CountyWidgetIntentExtension" */ = {
			isa = XCConfigurationList;
			buildConfigurations = (
				0D7988DE254CF7B7008B996D /* Debug */,
				0D7988DF254CF7B7008B996D /* Release */,
			);
			defaultConfigurationIsVisible = 0;
			defaultConfigurationName = Release;
		};
		0DA118392522AACA009FA6F5 /* Build configuration list for PBXNativeTarget "Covid19NumbersTests" */ = {
			isa = XCConfigurationList;
			buildConfigurations = (
				0DA118372522AACA009FA6F5 /* Debug */,
				0DA118382522AACA009FA6F5 /* Release */,
			);
			defaultConfigurationIsVisible = 0;
			defaultConfigurationName = Release;
		};
/* End XCConfigurationList section */
	};
	rootObject = 0D0639BF2520A85500BDD706 /* Project object */;
}
